
Microsoft Visual Studio Solution File, Format Version 12.00
# Visual Studio 15
VisualStudioVersion = 15.0.27004.2005
MinimumVisualStudioVersion = 10.0.40219.1
Project("{FAE04EC0-301F-11D3-BF4B-00C04F79EFBC}") = "Exercise1", "Exercise1\Exercise1.csproj", "{7385EB2F-FF4D-427E-9D4D-323167C01577}"
EndProject
Global
	GlobalSection(SolutionConfigurationPlatforms) = preSolution
		Debug|Any CPU = Debug|Any CPU
		Release|Any CPU = Release|Any CPU
	EndGlobalSection
	GlobalSection(ProjectConfigurationPlatforms) = postSolution
		{7385EB2F-FF4D-427E-9D4D-323167C01577}.Debug|Any CPU.ActiveCfg = Debug|Any CPU
		{7385EB2F-FF4D-427E-9D4D-323167C01577}.Debug|Any CPU.Build.0 = Debug|Any CPU
		{7385EB2F-FF4D-427E-9D4D-323167C01577}.Release|Any CPU.ActiveCfg = Release|Any CPU
		{7385EB2F-FF4D-427E-9D4D-323167C01577}.Release|Any CPU.Build.0 = Release|Any CPU
	EndGlobalSection
	GlobalSection(SolutionProperties) = preSolution
		HideSolutionNode = FALSE
	EndGlobalSection
	GlobalSection(ExtensibilityGlobals) = postSolution
		SolutionGuid = {B899BDB5-1084-4C64-B903-593D33BB7B28}
	EndGlobalSection
EndGlobal
